<?xml version="1.0" encoding="utf-8"?>
<Project ToolsVersion="4.0" xmlns="http://schemas.microsoft.com/developer/msbuild/2003">
  <ItemGroup>
    <ClCompile Include="Camera.cpp">
      <Filter>Source Files</Filter>
    </ClCompile>
    <ClCompile Include="HighResolutionTimer.cpp">
      <Filter>Source Files</Filter>
    </ClCompile>
    <ClCompile Include="VertexBufferObject.cpp">
      <Filter>Source Files</Filter>
    </ClCompile>
    <ClCompile Include="FreeTypeFont.cpp">
      <Filter>Source Files</Filter>
    </ClCompile>
    <ClCompile Include="Game.cpp">
      <Filter>Source Files</Filter>
    </ClCompile>
    <ClCompile Include="GameWindow.cpp">
      <Filter>Source Files</Filter>
    </ClCompile>
    <ClCompile Include="Shaders.cpp">
      <Filter>Source Files</Filter>
    </ClCompile>
    <ClCompile Include="Skybox.cpp">
      <Filter>Source Files</Filter>
    </ClCompile>
    <ClCompile Include="Texture.cpp">
      <Filter>Source Files</Filter>
    </ClCompile>
    <ClCompile Include="Sphere.cpp">
      <Filter>Source Files\BasicShapes</Filter>
    </ClCompile>
    <ClCompile Include="Plane.cpp">
      <Filter>Source Files\BasicShapes</Filter>
    </ClCompile>
    <ClCompile Include="MatrixStack.cpp">
      <Filter>Source Files</Filter>
    </ClCompile>
    <ClCompile Include="VertexBufferObjectIndexed.cpp">
      <Filter>Source Files</Filter>
    </ClCompile>
    <ClCompile Include="OpenAssetImportMesh.cpp">
      <Filter>Source Files</Filter>
    </ClCompile>
    <ClCompile Include="Audio.cpp">
      <Filter>Source Files</Filter>
    </ClCompile>
    <ClCompile Include="Cubemap.cpp">
      <Filter>Source Files</Filter>
    </ClCompile>
    <ClCompile Include="CatmullRom.cpp">
      <Filter>Source Files</Filter>
    </ClCompile>
    <ClCompile Include="Player.cpp">
      <Filter>Source Files</Filter>
    </ClCompile>
    <ClCompile Include="Cube.cpp">
      <Filter>Source Files\BasicShapes</Filter>
    </ClCompile>
    <ClCompile Include="Time.cpp">
      <Filter>Source Files\PickUpItems</Filter>
    </ClCompile>
    <ClCompile Include="SpeedUp.cpp">
      <Filter>Source Files\PickUpItems</Filter>
    </ClCompile>
    <ClCompile Include="PathNPC.cpp">
      <Filter>Source Files\NPCObjects</Filter>
    </ClCompile>
    <ClCompile Include="ShipNPC.cpp">
      <Filter>Source Files\NPCObjects</Filter>
    </ClCompile>
    <ClCompile Include="StaticMesh.cpp">
      <Filter>Source Files\NPCObjects</Filter>
    </ClCompile>
    <ClCompile Include="PathLight.cpp">
      <Filter>Source Files\BasicShapes</Filter>
    </ClCompile>
    <ClCompile Include="SpotLight.cpp">
      <Filter>Source Files\Lights</Filter>
    </ClCompile>
    <ClCompile Include="Timer.cpp">
      <Filter>Source Files</Filter>
    </ClCompile>
    <ClCompile Include="HeightMapTerrain.cpp">
      <Filter>Source Files</Filter>
    </ClCompile>
    <ClCompile Include="FaceVertexMesh.cpp">
      <Filter>Source Files</Filter>
    </ClCompile>
  </ItemGroup>
  <ItemGroup>
    <ClInclude Include="Camera.h">
      <Filter>Header Files</Filter>
    </ClInclude>
    <ClInclude Include="Common.h">
      <Filter>Header Files</Filter>
    </ClInclude>
    <ClInclude Include="HighResolutionTimer.h">
      <Filter>Header Files</Filter>
    </ClInclude>
    <ClInclude Include="VertexBufferObject.h">
      <Filter>Header Files</Filter>
    </ClInclude>
    <ClInclude Include="FreeTypeFont.h">
      <Filter>Header Files</Filter>
    </ClInclude>
    <ClInclude Include="Game.h">
      <Filter>Header Files</Filter>
    </ClInclude>
    <ClInclude Include="GameWindow.h">
      <Filter>Header Files</Filter>
    </ClInclude>
    <ClInclude Include="Shaders.h">
      <Filter>Header Files</Filter>
    </ClInclude>
    <ClInclude Include="Skybox.h">
      <Filter>Header Files</Filter>
    </ClInclude>
    <ClInclude Include="Texture.h">
      <Filter>Header Files</Filter>
    </ClInclude>
    <ClInclude Include="Sphere.h">
      <Filter>Header Files\BasicShapes</Filter>
    </ClInclude>
    <ClInclude Include="Plane.h">
      <Filter>Header Files\BasicShapes</Filter>
    </ClInclude>
    <ClInclude Include="MatrixStack.h">
      <Filter>Header Files</Filter>
    </ClInclude>
    <ClInclude Include="VertexBufferObjectIndexed.h">
      <Filter>Header Files</Filter>
    </ClInclude>
    <ClInclude Include="OpenAssetImportMesh.h">
      <Filter>Header Files</Filter>
    </ClInclude>
    <ClInclude Include="Audio.h">
      <Filter>Header Files</Filter>
    </ClInclude>
    <ClInclude Include="Cubemap.h">
      <Filter>Header Files</Filter>
    </ClInclude>
    <ClInclude Include="CatmullRom.h">
      <Filter>Header Files</Filter>
    </ClInclude>
    <ClInclude Include="Player.h">
      <Filter>Header Files</Filter>
    </ClInclude>
    <ClInclude Include="Cube.h">
      <Filter>Header Files\BasicShapes</Filter>
    </ClInclude>
    <ClInclude Include="Time.h">
      <Filter>Header Files\PickUpItems</Filter>
    </ClInclude>
    <ClInclude Include="SpeedUp.h">
      <Filter>Header Files\PickUpItems</Filter>
    </ClInclude>
    <ClInclude Include="ShipNPC.h">
      <Filter>Header Files\NPCObjects</Filter>
    </ClInclude>
    <ClInclude Include="PathNPC.h">
      <Filter>Header Files\NPCObjects</Filter>
    </ClInclude>
    <ClInclude Include="StaticMesh.h">
      <Filter>Header Files\NPCObjects</Filter>
    </ClInclude>
    <ClInclude Include="PathLight.h">
      <Filter>Header Files\BasicShapes</Filter>
    </ClInclude>
    <ClInclude Include="SpotLight.h">
      <Filter>Header Files\Lights</Filter>
    </ClInclude>
    <ClInclude Include="Timer.h">
      <Filter>Header Files</Filter>
    </ClInclude>
    <ClInclude Include="HeightMapTerrain.h">
      <Filter>Header Files</Filter>
    </ClInclude>
    <ClInclude Include="FaceVertexMesh.h">
      <Filter>Header Files</Filter>
    </ClInclude>
  </ItemGroup>
  <ItemGroup>
    <Filter Include="Source Files">
      <UniqueIdentifier>{fc935320-dd60-442c-8f7a-857898ef99ac}</UniqueIdentifier>
    </Filter>
    <Filter Include="Header Files">
      <UniqueIdentifier>{8eaa2596-7ef2-40ab-a17a-c4c37dc4da44}</UniqueIdentifier>
    </Filter>
    <Filter Include="Header Files\BasicShapes">
      <UniqueIdentifier>{fd5ccfe4-630c-4b5e-9660-f5c501136c5e}</UniqueIdentifier>
    </Filter>
    <Filter Include="Source Files\BasicShapes">
      <UniqueIdentifier>{d695a48e-37b2-4a09-942e-9577f33f78c0}</UniqueIdentifier>
    </Filter>
    <Filter Include="Shaders">
      <UniqueIdentifier>{b86e40c6-bee0-47d9-9a51-7bef2ea67f73}</UniqueIdentifier>
    </Filter>
    <Filter Include="Header Files\PickUpItems">
      <UniqueIdentifier>{03373d3a-db22-49d7-a1a8-1b8476ce76ff}</UniqueIdentifier>
    </Filter>
    <Filter Include="Source Files\PickUpItems">
      <UniqueIdentifier>{3c676ac3-9cad-45b4-b52a-511883b35495}</UniqueIdentifier>
    </Filter>
    <Filter Include="Header Files\NPCObjects">
      <UniqueIdentifier>{76dee397-2879-4ea0-865e-f356c6340d42}</UniqueIdentifier>
    </Filter>
    <Filter Include="Source Files\NPCObjects">
      <UniqueIdentifier>{c87e2361-681c-45cd-bfc4-5f89601a5e6c}</UniqueIdentifier>
    </Filter>
    <Filter Include="Header Files\Lights">
      <UniqueIdentifier>{bb146be3-27be-4d44-8974-e97d20e94179}</UniqueIdentifier>
    </Filter>
    <Filter Include="Source Files\Lights">
      <UniqueIdentifier>{a08ef89d-23e2-4ddb-a91e-9e696187b2f6}</UniqueIdentifier>
    </Filter>
  </ItemGroup>
  <ItemGroup>
    <None Include="resources\shaders\mainShader.vert">
      <Filter>Shaders</Filter>
    </None>
    <None Include="resources\shaders\textShader.frag">
      <Filter>Shaders</Filter>
    </None>
    <None Include="resources\shaders\textShader.vert">
      <Filter>Shaders</Filter>
    </None>
    <None Include="resources\shaders\mainShader.frag">
      <Filter>Shaders</Filter>
    </None>
    <None Include="resources\shaders\waterShader.frag">
      <Filter>Shaders</Filter>
    </None>
    <None Include="resources\shaders\waterShader.vert">
      <Filter>Shaders</Filter>
    </None>
    <None Include="resources\shaders\terrianShader.frag">
      <Filter>Shaders</Filter>
    </None>
    <None Include="resources\shaders\terrianShader.vert">
      <Filter>Shaders</Filter>
    </None>
    <None Include="resources\shaders\pathLightShader.vert">
      <Filter>Shaders</Filter>
    </None>
    <None Include="resources\shaders\pathLightShader.frag">
      <Filter>Shaders</Filter>
    </None>
  </ItemGroup>
</Project>